
Microsoft Visual Studio Solution File, Format Version 12.00
# Visual Studio Version 17
VisualStudioVersion = 17.13.35818.85 d17.13
MinimumVisualStudioVersion = 10.0.40219.1
Project("{FAE04EC0-301F-11D3-BF4B-00C04F79EFBC}") = "Manticora", "Manticora.csproj", "{6DB13EF5-8440-4923-9D88-50C0075CFAA9}"
EndProject
Global
	GlobalSection(SolutionConfigurationPlatforms) = preSolution
		Debug|Any CPU = Debug|Any CPU
		Release|Any CPU = Release|Any CPU
	EndGlobalSection
	GlobalSection(ProjectConfigurationPlatforms) = postSolution
		{6DB13EF5-8440-4923-9D88-50C0075CFAA9}.Debug|Any CPU.ActiveCfg = Debug|Any CPU
		{6DB13EF5-8440-4923-9D88-50C0075CFAA9}.Debug|Any CPU.Build.0 = Debug|Any CPU
		{6DB13EF5-8440-4923-9D88-50C0075CFAA9}.Release|Any CPU.ActiveCfg = Release|Any CPU
		{6DB13EF5-8440-4923-9D88-50C0075CFAA9}.Release|Any CPU.Build.0 = Release|Any CPU
	EndGlobalSection
	GlobalSection(SolutionProperties) = preSolution
		HideSolutionNode = FALSE
	EndGlobalSection
	GlobalSection(ExtensibilityGlobals) = postSolution
		SolutionGuid = {CE5E25DA-D345-441B-A07F-A0D05E08C379}
	EndGlobalSection
EndGlobal
